# This file is autogenerated, do not edit; changes may be undone by the next 'dep ensure'.


[[projects]]
  branch = "master"
  digest = "1:6a50143b0bae448d1d0aa0c112a07e0ff4a09746a6c3ae392943b18a2d3a346c"
  name = "github.com/macadrich/dmnet"
  packages = [
    ".",
    "model",
    "tcp",
    "util",
  ]
  pruneopts = ""
  revision = "8b1289bc4e77355354423fb2c14190398fc3d339"

[solve-meta]
  analyzer-name = "dep"
  analyzer-version = 1
  input-imports = [
    "github.com/macadrich/dmnet",
    "github.com/macadrich/dmnet/model",
    "github.com/macadrich/dmnet/tcp",
    "github.com/macadrich/dmnet/util",
  ]
  solver-name = "gps-cdcl"
  solver-version = 1
