# This file is autogenerated, do not edit; changes may be undone by the next 'dep ensure'.


[[projects]]
  branch = "master"
  digest = "1:074561d1724fc2479ab0f2c7fa49f8de8dceaa067c1284010271613b85df9738"
  name = "github.com/macadrich/dmnet"
  packages = [
    ".",
    "model",
    "tcp",
    "util",
  ]
  pruneopts = ""
  revision = "ae9dac150dbb3fcac77ecf18761d2a9a3f685620"

[solve-meta]
  analyzer-name = "dep"
  analyzer-version = 1
  input-imports = [
    "github.com/macadrich/dmnet",
    "github.com/macadrich/dmnet/model",
    "github.com/macadrich/dmnet/tcp",
    "github.com/macadrich/dmnet/util",
  ]
  solver-name = "gps-cdcl"
  solver-version = 1
