# This file is autogenerated, do not edit; changes may be undone by the next 'dep ensure'.


[[projects]]
  branch = "master"
  digest = "1:94b77667e78e6dbf95e30c0739a16ce2bf5670228cab9a48c7b6df80b3ab5ed0"
  name = "github.com/macadrich/dmnet"
  packages = [
    ".",
    "model",
    "tcp",
    "util",
  ]
  pruneopts = ""
  revision = "6349249bfcc0cfc9d712176c476494aee6fdf906"

[solve-meta]
  analyzer-name = "dep"
  analyzer-version = 1
  input-imports = [
    "github.com/macadrich/dmnet",
    "github.com/macadrich/dmnet/model",
    "github.com/macadrich/dmnet/tcp",
    "github.com/macadrich/dmnet/util",
  ]
  solver-name = "gps-cdcl"
  solver-version = 1
